
Microsoft Visual Studio Solution File, Format Version 12.00
# Visual Studio Version 17
VisualStudioVersion = 17.6.33723.286
MinimumVisualStudioVersion = 10.0.40219.1
Project("{FAE04EC0-301F-11D3-BF4B-00C04F79EFBC}") = "Servicios_Prestamos.Server", "Server\Servicios_Prestamos.Server.csproj", "{9B6445D7-3E52-4221-ADB7-F7C79593D1DF}"
EndProject
Project("{FAE04EC0-301F-11D3-BF4B-00C04F79EFBC}") = "Servicios_Prestamos.Client", "Client\Servicios_Prestamos.Client.csproj", "{F7B6768D-7DAD-4A38-9281-727B1D90B74A}"
EndProject
Project("{FAE04EC0-301F-11D3-BF4B-00C04F79EFBC}") = "Servicios_Prestamos.Shared", "Shared\Servicios_Prestamos.Shared.csproj", "{A53A00F9-C1B9-4483-A1DD-7A1120406240}"
EndProject
Global
	GlobalSection(SolutionConfigurationPlatforms) = preSolution
		Debug|Any CPU = Debug|Any CPU
		Release|Any CPU = Release|Any CPU
	EndGlobalSection
	GlobalSection(ProjectConfigurationPlatforms) = postSolution
		{9B6445D7-3E52-4221-ADB7-F7C79593D1DF}.Debug|Any CPU.ActiveCfg = Debug|Any CPU
		{9B6445D7-3E52-4221-ADB7-F7C79593D1DF}.Debug|Any CPU.Build.0 = Debug|Any CPU
		{9B6445D7-3E52-4221-ADB7-F7C79593D1DF}.Release|Any CPU.ActiveCfg = Release|Any CPU
		{9B6445D7-3E52-4221-ADB7-F7C79593D1DF}.Release|Any CPU.Build.0 = Release|Any CPU
		{F7B6768D-7DAD-4A38-9281-727B1D90B74A}.Debug|Any CPU.ActiveCfg = Debug|Any CPU
		{F7B6768D-7DAD-4A38-9281-727B1D90B74A}.Debug|Any CPU.Build.0 = Debug|Any CPU
		{F7B6768D-7DAD-4A38-9281-727B1D90B74A}.Release|Any CPU.ActiveCfg = Release|Any CPU
		{F7B6768D-7DAD-4A38-9281-727B1D90B74A}.Release|Any CPU.Build.0 = Release|Any CPU
		{A53A00F9-C1B9-4483-A1DD-7A1120406240}.Debug|Any CPU.ActiveCfg = Debug|Any CPU
		{A53A00F9-C1B9-4483-A1DD-7A1120406240}.Debug|Any CPU.Build.0 = Debug|Any CPU
		{A53A00F9-C1B9-4483-A1DD-7A1120406240}.Release|Any CPU.ActiveCfg = Release|Any CPU
		{A53A00F9-C1B9-4483-A1DD-7A1120406240}.Release|Any CPU.Build.0 = Release|Any CPU
	EndGlobalSection
	GlobalSection(SolutionProperties) = preSolution
		HideSolutionNode = FALSE
	EndGlobalSection
	GlobalSection(ExtensibilityGlobals) = postSolution
		SolutionGuid = {EC86A656-D6EE-409F-9986-6FA4424FCA28}
	EndGlobalSection
EndGlobal
